PODS:
  - HBPhoneNumberFormatter (1.0)

DEPENDENCIES:
  - HBPhoneNumberFormatter (from `../`)

EXTERNAL SOURCES:
  HBPhoneNumberFormatter:
    :path: ../

SPEC CHECKSUMS:
  HBPhoneNumberFormatter: 096f46c60a0bc722caac96ab4ef028992e121b39

PODFILE CHECKSUM: 3843a0a64e73697507c8503774557a686bfac4c0

COCOAPODS: 1.2.1
